// !$*UTF8*$!
{
	archiveVersion = 1;
	classes = {
	};
	objectVersion = 56;
	objects = {

/* Begin PBXBuildFile section */
		9455B6302CAB594E00B657A3 /* LoginView.swift in Sources */ = {isa = PBXBuildFile; fileRef = 9455B62F2CAB594E00B657A3 /* LoginView.swift */; };
		9455B6322CAB59B200B657A3 /* RegistrationView.swift in Sources */ = {isa = PBXBuildFile; fileRef = 9455B6312CAB59B200B657A3 /* RegistrationView.swift */; };
		9455B6342CADF0E600B657A3 /* CustomTextFields.swift in Sources */ = {isa = PBXBuildFile; fileRef = 9455B6332CADF0E600B657A3 /* CustomTextFields.swift */; };
		9455B63A2CEAD94200B657A3 /* HomeView.swift in Sources */ = {isa = PBXBuildFile; fileRef = 9455B6392CEAD94200B657A3 /* HomeView.swift */; };
		9455B63C2CEADF4700B657A3 /* ModalView.swift in Sources */ = {isa = PBXBuildFile; fileRef = 9455B63B2CEADF4700B657A3 /* ModalView.swift */; };
		94C6EC292CA5D95200F37A0B /* gameOfThrones_TodoListApp.swift in Sources */ = {isa = PBXBuildFile; fileRef = 94C6EC282CA5D95200F37A0B /* gameOfThrones_TodoListApp.swift */; };
		94C6EC2B2CA5D95200F37A0B /* ContentView.swift in Sources */ = {isa = PBXBuildFile; fileRef = 94C6EC2A2CA5D95200F37A0B /* ContentView.swift */; };
		94C6EC2D2CA5D95400F37A0B /* Assets.xcassets in Resources */ = {isa = PBXBuildFile; fileRef = 94C6EC2C2CA5D95400F37A0B /* Assets.xcassets */; };
		94C6EC302CA5D95400F37A0B /* Preview Assets.xcassets in Resources */ = {isa = PBXBuildFile; fileRef = 94C6EC2F2CA5D95400F37A0B /* Preview Assets.xcassets */; };
/* End PBXBuildFile section */

/* Begin PBXFileReference section */
		9455B62F2CAB594E00B657A3 /* LoginView.swift */ = {isa = PBXFileReference; lastKnownFileType = sourcecode.swift; path = LoginView.swift; sourceTree = "<group>"; };
		9455B6312CAB59B200B657A3 /* RegistrationView.swift */ = {isa = PBXFileReference; lastKnownFileType = sourcecode.swift; path = RegistrationView.swift; sourceTree = "<group>"; };
		9455B6332CADF0E600B657A3 /* CustomTextFields.swift */ = {isa = PBXFileReference; lastKnownFileType = sourcecode.swift; path = CustomTextFields.swift; sourceTree = "<group>"; };
		9455B6392CEAD94200B657A3 /* HomeView.swift */ = {isa = PBXFileReference; lastKnownFileType = sourcecode.swift; path = HomeView.swift; sourceTree = "<group>"; };
		9455B63B2CEADF4700B657A3 /* ModalView.swift */ = {isa = PBXFileReference; lastKnownFileType = sourcecode.swift; path = ModalView.swift; sourceTree = "<group>"; };
		94C6EC252CA5D95200F37A0B /* gameOfThrones-TodoList.app */ = {isa = PBXFileReference; explicitFileType = wrapper.application; includeInIndex = 0; path = "gameOfThrones-TodoList.app"; sourceTree = BUILT_PRODUCTS_DIR; };
		94C6EC282CA5D95200F37A0B /* gameOfThrones_TodoListApp.swift */ = {isa = PBXFileReference; lastKnownFileType = sourcecode.swift; path = gameOfThrones_TodoListApp.swift; sourceTree = "<group>"; };
		94C6EC2A2CA5D95200F37A0B /* ContentView.swift */ = {isa = PBXFileReference; lastKnownFileType = sourcecode.swift; path = ContentView.swift; sourceTree = "<group>"; };
		94C6EC2C2CA5D95400F37A0B /* Assets.xcassets */ = {isa = PBXFileReference; lastKnownFileType = folder.assetcatalog; path = Assets.xcassets; sourceTree = "<group>"; };
		94C6EC2F2CA5D95400F37A0B /* Preview Assets.xcassets */ = {isa = PBXFileReference; lastKnownFileType = folder.assetcatalog; path = "Preview Assets.xcassets"; sourceTree = "<group>"; };
/* End PBXFileReference section */

/* Begin PBXFrameworksBuildPhase section */
		94C6EC222CA5D95200F37A0B /* Frameworks */ = {
			isa = PBXFrameworksBuildPhase;
			buildActionMask = 2147483647;
			files = (
			);
			runOnlyForDeploymentPostprocessing = 0;
		};
/* End PBXFrameworksBuildPhase section */

/* Begin PBXGroup section */
		9455B6272CAB586300B657A3 /* App */ = {
			isa = PBXGroup;
			children = (
				94C6EC282CA5D95200F37A0B /* gameOfThrones_TodoListApp.swift */,
			);
			path = App;
			sourceTree = "<group>";
		};
		9455B6282CAB586900B657A3 /* Core */ = {
			isa = PBXGroup;
			children = (
				9455B6382CEAD86E00B657A3 /* Home */,
				9455B62B2CAB590600B657A3 /* Root */,
				9455B62A2CAB588C00B657A3 /* Authentication */,
			);
			path = Core;
			sourceTree = "<group>";
		};
		9455B6292CAB586E00B657A3 /* Model */ = {
			isa = PBXGroup;
			children = (
			);
			path = Model;
			sourceTree = "<group>";
		};
		9455B62A2CAB588C00B657A3 /* Authentication */ = {
			isa = PBXGroup;
			children = (
				9455B6352CADF11700B657A3 /* Custom */,
				9455B62C2CAB591D00B657A3 /* Views */,
			);
			path = Authentication;
			sourceTree = "<group>";
		};
		9455B62B2CAB590600B657A3 /* Root */ = {
			isa = PBXGroup;
			children = (
				94C6EC2A2CA5D95200F37A0B /* ContentView.swift */,
			);
			path = Root;
			sourceTree = "<group>";
		};
		9455B62C2CAB591D00B657A3 /* Views */ = {
			isa = PBXGroup;
			children = (
				9455B62F2CAB594E00B657A3 /* LoginView.swift */,
				9455B6312CAB59B200B657A3 /* RegistrationView.swift */,
			);
			path = Views;
			sourceTree = "<group>";
		};
		9455B6352CADF11700B657A3 /* Custom */ = {
			isa = PBXGroup;
			children = (
				9455B6332CADF0E600B657A3 /* CustomTextFields.swift */,
			);
			path = Custom;
			sourceTree = "<group>";
		};
		9455B6382CEAD86E00B657A3 /* Home */ = {
			isa = PBXGroup;
			children = (
				9455B6392CEAD94200B657A3 /* HomeView.swift */,
				9455B63B2CEADF4700B657A3 /* ModalView.swift */,
			);
			path = Home;
			sourceTree = "<group>";
		};
		94C6EC1C2CA5D95200F37A0B = {
			isa = PBXGroup;
			children = (
				94C6EC272CA5D95200F37A0B /* gameOfThrones-TodoList */,
				94C6EC262CA5D95200F37A0B /* Products */,
			);
			sourceTree = "<group>";
		};
		94C6EC262CA5D95200F37A0B /* Products */ = {
			isa = PBXGroup;
			children = (
				94C6EC252CA5D95200F37A0B /* gameOfThrones-TodoList.app */,
			);
			name = Products;
			sourceTree = "<group>";
		};
		94C6EC272CA5D95200F37A0B /* gameOfThrones-TodoList */ = {
			isa = PBXGroup;
			children = (
				9455B6292CAB586E00B657A3 /* Model */,
				9455B6282CAB586900B657A3 /* Core */,
				9455B6272CAB586300B657A3 /* App */,
				94C6EC2C2CA5D95400F37A0B /* Assets.xcassets */,
				94C6EC2E2CA5D95400F37A0B /* Preview Content */,
			);
			path = "gameOfThrones-TodoList";
			sourceTree = "<group>";
		};
		94C6EC2E2CA5D95400F37A0B /* Preview Content */ = {
			isa = PBXGroup;
			children = (
				94C6EC2F2CA5D95400F37A0B /* Preview Assets.xcassets */,
			);
			path = "Preview Content";
			sourceTree = "<group>";
		};
/* End PBXGroup section */

/* Begin PBXNativeTarget section */
		94C6EC242CA5D95200F37A0B /* gameOfThrones-TodoList */ = {
			isa = PBXNativeTarget;
			buildConfigurationList = 94C6EC332CA5D95400F37A0B /* Build configuration list for PBXNativeTarget "gameOfThrones-TodoList" */;
			buildPhases = (
				94C6EC212CA5D95200F37A0B /* Sources */,
				94C6EC222CA5D95200F37A0B /* Frameworks */,
				94C6EC232CA5D95200F37A0B /* Resources */,
			);
			buildRules = (
			);
			dependencies = (
			);
			name = "gameOfThrones-TodoList";
			productName = "gameOfThrones-TodoList";
			productReference = 94C6EC252CA5D95200F37A0B /* gameOfThrones-TodoList.app */;
			productType = "com.apple.product-type.application";
		};
/* End PBXNativeTarget section */

/* Begin PBXProject section */
		94C6EC1D2CA5D95200F37A0B /* Project object */ = {
			isa = PBXProject;
			attributes = {
				BuildIndependentTargetsInParallel = 1;
				LastSwiftUpdateCheck = 1540;
				LastUpgradeCheck = 1540;
				TargetAttributes = {
					94C6EC242CA5D95200F37A0B = {
						CreatedOnToolsVersion = 15.4;
					};
				};
			};
			buildConfigurationList = 94C6EC202CA5D95200F37A0B /* Build configuration list for PBXProject "gameOfThrones-TodoList" */;
			compatibilityVersion = "Xcode 14.0";
			developmentRegion = en;
			hasScannedForEncodings = 0;
			knownRegions = (
				en,
				Base,
			);
			mainGroup = 94C6EC1C2CA5D95200F37A0B;
			productRefGroup = 94C6EC262CA5D95200F37A0B /* Products */;
			projectDirPath = "";
			projectRoot = "";
			targets = (
				94C6EC242CA5D95200F37A0B /* gameOfThrones-TodoList */,
			);
		};
/* End PBXProject section */

/* Begin PBXResourcesBuildPhase section */
		94C6EC232CA5D95200F37A0B /* Resources */ = {
			isa = PBXResourcesBuildPhase;
			buildActionMask = 2147483647;
			files = (
				94C6EC302CA5D95400F37A0B /* Preview Assets.xcassets in Resources */,
				94C6EC2D2CA5D95400F37A0B /* Assets.xcassets in Resources */,
			);
			runOnlyForDeploymentPostprocessing = 0;
		};
/* End PBXResourcesBuildPhase section */

/* Begin PBXSourcesBuildPhase section */
		94C6EC212CA5D95200F37A0B /* Sources */ = {
			isa = PBXSourcesBuildPhase;
			buildActionMask = 2147483647;
			files = (
				9455B6302CAB594E00B657A3 /* LoginView.swift in Sources */,
				9455B6342CADF0E600B657A3 /* CustomTextFields.swift in Sources */,
				94C6EC2B2CA5D95200F37A0B /* ContentView.swift in Sources */,
				9455B63A2CEAD94200B657A3 /* HomeView.swift in Sources */,
				9455B63C2CEADF4700B657A3 /* ModalView.swift in Sources */,
				94C6EC292CA5D95200F37A0B /* gameOfThrones_TodoListApp.swift in Sources */,
				9455B6322CAB59B200B657A3 /* RegistrationView.swift in Sources */,
			);
			runOnlyForDeploymentPostprocessing = 0;
		};
/* End PBXSourcesBuildPhase section */

/* Begin XCBuildConfiguration section */
		94C6EC312CA5D95400F37A0B /* Debug */ = {
			isa = XCBuildConfiguration;
			buildSettings = {
				ALWAYS_SEARCH_USER_PATHS = NO;
				ASSETCATALOG_COMPILER_GENERATE_SWIFT_ASSET_SYMBOL_EXTENSIONS = YES;
				CLANG_ANALYZER_NONNULL = YES;
				CLANG_ANALYZER_NUMBER_OBJECT_CONVERSION = YES_AGGRESSIVE;
				CLANG_CXX_LANGUAGE_STANDARD = "gnu++20";
				CLANG_ENABLE_MODULES = YES;
				CLANG_ENABLE_OBJC_ARC = YES;
				CLANG_ENABLE_OBJC_WEAK = YES;
				CLANG_WARN_BLOCK_CAPTURE_AUTORELEASING = YES;
				CLANG_WARN_BOOL_CONVERSION = YES;
				CLANG_WARN_COMMA = YES;
				CLANG_WARN_CONSTANT_CONVERSION = YES;
				CLANG_WARN_DEPRECATED_OBJC_IMPLEMENTATIONS = YES;
				CLANG_WARN_DIRECT_OBJC_ISA_USAGE = YES_ERROR;
				CLANG_WARN_DOCUMENTATION_COMMENTS = YES;
				CLANG_WARN_EMPTY_BODY = YES;
				CLANG_WARN_ENUM_CONVERSION = YES;
				CLANG_WARN_INFINITE_RECURSION = YES;
				CLANG_WARN_INT_CONVERSION = YES;
				CLANG_WARN_NON_LITERAL_NULL_CONVERSION = YES;
				CLANG_WARN_OBJC_IMPLICIT_RETAIN_SELF = YES;
				CLANG_WARN_OBJC_LITERAL_CONVERSION = YES;
				CLANG_WARN_OBJC_ROOT_CLASS = YES_ERROR;
				CLANG_WARN_QUOTED_INCLUDE_IN_FRAMEWORK_HEADER = YES;
				CLANG_WARN_RANGE_LOOP_ANALYSIS = YES;
				CLANG_WARN_STRICT_PROTOTYPES = YES;
				CLANG_WARN_SUSPICIOUS_MOVE = YES;
				CLANG_WARN_UNGUARDED_AVAILABILITY = YES_AGGRESSIVE;
				CLANG_WARN_UNREACHABLE_CODE = YES;
				CLANG_WARN__DUPLICATE_METHOD_MATCH = YES;
				COPY_PHASE_STRIP = NO;
				DEBUG_INFORMATION_FORMAT = dwarf;
				ENABLE_STRICT_OBJC_MSGSEND = YES;
				ENABLE_TESTABILITY = YES;
				ENABLE_USER_SCRIPT_SANDBOXING = YES;
				GCC_C_LANGUAGE_STANDARD = gnu17;
				GCC_DYNAMIC_NO_PIC = NO;
				GCC_NO_COMMON_BLOCKS = YES;
				GCC_OPTIMIZATION_LEVEL = 0;
				GCC_PREPROCESSOR_DEFINITIONS = (
					"DEBUG=1",
					"$(inherited)",
				);
				GCC_WARN_64_TO_32_BIT_CONVERSION = YES;
				GCC_WARN_ABOUT_RETURN_TYPE = YES_ERROR;
				GCC_WARN_UNDECLARED_SELECTOR = YES;
				GCC_WARN_UNINITIALIZED_AUTOS = YES_AGGRESSIVE;
				GCC_WARN_UNUSED_FUNCTION = YES;
				GCC_WARN_UNUSED_VARIABLE = YES;
				IPHONEOS_DEPLOYMENT_TARGET = 17.5;
				LOCALIZATION_PREFERS_STRING_CATALOGS = YES;
				MTL_ENABLE_DEBUG_INFO = INCLUDE_SOURCE;
				MTL_FAST_MATH = YES;
				ONLY_ACTIVE_ARCH = YES;
				SDKROOT = iphoneos;
				SWIFT_ACTIVE_COMPILATION_CONDITIONS = "DEBUG $(inherited)";
				SWIFT_OPTIMIZATION_LEVEL = "-Onone";
			};
			name = Debug;
		};
		94C6EC322CA5D95400F37A0B /* Release */ = {
			isa = XCBuildConfiguration;
			buildSettings = {
				ALWAYS_SEARCH_USER_PATHS = NO;
				ASSETCATALOG_COMPILER_GENERATE_SWIFT_ASSET_SYMBOL_EXTENSIONS = YES;
				CLANG_ANALYZER_NONNULL = YES;
				CLANG_ANALYZER_NUMBER_OBJECT_CONVERSION = YES_AGGRESSIVE;
				CLANG_CXX_LANGUAGE_STANDARD = "gnu++20";
				CLANG_ENABLE_MODULES = YES;
				CLANG_ENABLE_OBJC_ARC = YES;
				CLANG_ENABLE_OBJC_WEAK = YES;
				CLANG_WARN_BLOCK_CAPTURE_AUTORELEASING = YES;
				CLANG_WARN_BOOL_CONVERSION = YES;
				CLANG_WARN_COMMA = YES;
				CLANG_WARN_CONSTANT_CONVERSION = YES;
				CLANG_WARN_DEPRECATED_OBJC_IMPLEMENTATIONS = YES;
				CLANG_WARN_DIRECT_OBJC_ISA_USAGE = YES_ERROR;
				CLANG_WARN_DOCUMENTATION_COMMENTS = YES;
				CLANG_WARN_EMPTY_BODY = YES;
				CLANG_WARN_ENUM_CONVERSION = YES;
				CLANG_WARN_INFINITE_RECURSION = YES;
				CLANG_WARN_INT_CONVERSION = YES;
				CLANG_WARN_NON_LITERAL_NULL_CONVERSION = YES;
				CLANG_WARN_OBJC_IMPLICIT_RETAIN_SELF = YES;
				CLANG_WARN_OBJC_LITERAL_CONVERSION = YES;
				CLANG_WARN_OBJC_ROOT_CLASS = YES_ERROR;
				CLANG_WARN_QUOTED_INCLUDE_IN_FRAMEWORK_HEADER = YES;
				CLANG_WARN_RANGE_LOOP_ANALYSIS = YES;
				CLANG_WARN_STRICT_PROTOTYPES = YES;
				CLANG_WARN_SUSPICIOUS_MOVE = YES;
				CLANG_WARN_UNGUARDED_AVAILABILITY = YES_AGGRESSIVE;
				CLANG_WARN_UNREACHABLE_CODE = YES;
				CLANG_WARN__DUPLICATE_METHOD_MATCH = YES;
				COPY_PHASE_STRIP = NO;
				DEBUG_INFORMATION_FORMAT = "dwarf-with-dsym";
				ENABLE_NS_ASSERTIONS = NO;
				ENABLE_STRICT_OBJC_MSGSEND = YES;
				ENABLE_USER_SCRIPT_SANDBOXING = YES;
				GCC_C_LANGUAGE_STANDARD = gnu17;
				GCC_NO_COMMON_BLOCKS = YES;
				GCC_WARN_64_TO_32_BIT_CONVERSION = YES;
				GCC_WARN_ABOUT_RETURN_TYPE = YES_ERROR;
				GCC_WARN_UNDECLARED_SELECTOR = YES;
				GCC_WARN_UNINITIALIZED_AUTOS = YES_AGGRESSIVE;
				GCC_WARN_UNUSED_FUNCTION = YES;
				GCC_WARN_UNUSED_VARIABLE = YES;
				IPHONEOS_DEPLOYMENT_TARGET = 17.5;
				LOCALIZATION_PREFERS_STRING_CATALOGS = YES;
				MTL_ENABLE_DEBUG_INFO = NO;
				MTL_FAST_MATH = YES;
				SDKROOT = iphoneos;
				SWIFT_COMPILATION_MODE = wholemodule;
				VALIDATE_PRODUCT = YES;
			};
			name = Release;
		};
		94C6EC342CA5D95400F37A0B /* Debug */ = {
			isa = XCBuildConfiguration;
			buildSettings = {
				ASSETCATALOG_COMPILER_APPICON_NAME = AppIcon;
				ASSETCATALOG_COMPILER_GLOBAL_ACCENT_COLOR_NAME = AccentColor;
				CODE_SIGN_STYLE = Automatic;
				CURRENT_PROJECT_VERSION = 1;
				DEVELOPMENT_ASSET_PATHS = "\"gameOfThrones-TodoList/Preview Content\"";
				DEVELOPMENT_TEAM = 6HRN9T7C2F;
				ENABLE_PREVIEWS = YES;
				GENERATE_INFOPLIST_FILE = YES;
				INFOPLIST_KEY_UIApplicationSceneManifest_Generation = YES;
				INFOPLIST_KEY_UIApplicationSupportsIndirectInputEvents = YES;
				INFOPLIST_KEY_UILaunchScreen_Generation = YES;
				INFOPLIST_KEY_UISupportedInterfaceOrientations_iPad = "UIInterfaceOrientationPortrait UIInterfaceOrientationPortraitUpsideDown UIInterfaceOrientationLandscapeLeft UIInterfaceOrientationLandscapeRight";
				INFOPLIST_KEY_UISupportedInterfaceOrientations_iPhone = "UIInterfaceOrientationPortrait UIInterfaceOrientationLandscapeLeft UIInterfaceOrientationLandscapeRight";
				LD_RUNPATH_SEARCH_PATHS = (
					"$(inherited)",
					"@executable_path/Frameworks",
				);
				MARKETING_VERSION = 1.0;
				PRODUCT_BUNDLE_IDENTIFIER = "test.gameOfThrones-TodoList";
				PRODUCT_NAME = "$(TARGET_NAME)";
				SWIFT_EMIT_LOC_STRINGS = YES;
				SWIFT_VERSION = 5.0;
				TARGETED_DEVICE_FAMILY = "1,2";
			};
			name = Debug;
		};
		94C6EC352CA5D95400F37A0B /* Release */ = {
			isa = XCBuildConfiguration;
			buildSettings = {
				ASSETCATALOG_COMPILER_APPICON_NAME = AppIcon;
				ASSETCATALOG_COMPILER_GLOBAL_ACCENT_COLOR_NAME = AccentColor;
				CODE_SIGN_STYLE = Automatic;
				CURRENT_PROJECT_VERSION = 1;
				DEVELOPMENT_ASSET_PATHS = "\"gameOfThrones-TodoList/Preview Content\"";
				DEVELOPMENT_TEAM = 6HRN9T7C2F;
				ENABLE_PREVIEWS = YES;
				GENERATE_INFOPLIST_FILE = YES;
				INFOPLIST_KEY_UIApplicationSceneManifest_Generation = YES;
				INFOPLIST_KEY_UIApplicationSupportsIndirectInputEvents = YES;
				INFOPLIST_KEY_UILaunchScreen_Generation = YES;
				INFOPLIST_KEY_UISupportedInterfaceOrientations_iPad = "UIInterfaceOrientationPortrait UIInterfaceOrientationPortraitUpsideDown UIInterfaceOrientationLandscapeLeft UIInterfaceOrientationLandscapeRight";
				INFOPLIST_KEY_UISupportedInterfaceOrientations_iPhone = "UIInterfaceOrientationPortrait UIInterfaceOrientationLandscapeLeft UIInterfaceOrientationLandscapeRight";
				LD_RUNPATH_SEARCH_PATHS = (
					"$(inherited)",
					"@executable_path/Frameworks",
				);
				MARKETING_VERSION = 1.0;
				PRODUCT_BUNDLE_IDENTIFIER = "test.gameOfThrones-TodoList";
				PRODUCT_NAME = "$(TARGET_NAME)";
				SWIFT_EMIT_LOC_STRINGS = YES;
				SWIFT_VERSION = 5.0;
				TARGETED_DEVICE_FAMILY = "1,2";
			};
			name = Release;
		};
/* End XCBuildConfiguration section */

/* Begin XCConfigurationList section */
		94C6EC202CA5D95200F37A0B /* Build configuration list for PBXProject "gameOfThrones-TodoList" */ = {
			isa = XCConfigurationList;
			buildConfigurations = (
				94C6EC312CA5D95400F37A0B /* Debug */,
				94C6EC322CA5D95400F37A0B /* Release */,
			);
			defaultConfigurationIsVisible = 0;
			defaultConfigurationName = Release;
		};
		94C6EC332CA5D95400F37A0B /* Build configuration list for PBXNativeTarget "gameOfThrones-TodoList" */ = {
			isa = XCConfigurationList;
			buildConfigurations = (
				94C6EC342CA5D95400F37A0B /* Debug */,
				94C6EC352CA5D95400F37A0B /* Release */,
			);
			defaultConfigurationIsVisible = 0;
			defaultConfigurationName = Release;
		};
/* End XCConfigurationList section */
	};
	rootObject = 94C6EC1D2CA5D95200F37A0B /* Project object */;
}
